PODS:
  - courier_dart_sdk (0.0.1):
    - CourierCore (= 0.0.14)
    - CourierMQTT (= 0.0.14)
    - Flutter
  - CourierCore (0.0.14)
  - CourierMQTT (0.0.14):
    - CourierCore (= 0.0.14)
    - MQTTClientGJ (= 0.0.14)
    - ReachabilitySwift (= 5.0.0)
  - Flutter (1.0.0)
  - MQTTClientGJ (0.0.14)
  - ReachabilitySwift (5.0.0)

DEPENDENCIES:
  - courier_dart_sdk (from `.symlinks/plugins/courier_dart_sdk/ios`)
  - CourierCore (= 0.0.14)
  - CourierMQTT (= 0.0.14)
  - Flutter (from `Flutter`)

SPEC REPOS:
  trunk:
    - CourierCore
    - CourierMQTT
    - MQTTClientGJ
    - ReachabilitySwift

EXTERNAL SOURCES:
  courier_dart_sdk:
    :path: ".symlinks/plugins/courier_dart_sdk/ios"
  Flutter:
    :path: Flutter

SPEC CHECKSUMS:
  courier_dart_sdk: 9c564159c38a58550f99e4bbe19aa852b8502150
  CourierCore: 033d0794b0cf51b2159ff99e9e332ccfc60ab13d
  CourierMQTT: 5dfc46980b7e893174433f0c67253e92fc8dd512
  Flutter: f04841e97a9d0b0a8025694d0796dd46242b2854
  MQTTClientGJ: c41561120a031c5f9695412ee18f0082e8868a7f
  ReachabilitySwift: 985039c6f7b23a1da463388634119492ff86c825

PODFILE CHECKSUM: 94531fba28bdd69fc3bdaad505665de7131764ac

COCOAPODS: 1.11.3
