PODS:
  - courier_dart_sdk (0.0.1):
    - CourierCore (= 0.0.19)
    - CourierMQTT (= 0.0.19)
    - CourierMQTTChuck (= 0.0.19)
    - Flutter
  - CourierCore (0.0.19)
  - CourierMQTT (0.0.19):
    - CourierCore (= 0.0.19)
    - MQTTClientGJ (= 0.0.19)
    - ReachabilitySwift (= 5.0.0)
  - CourierMQTTChuck (0.0.19):
    - CourierCore (= 0.0.19)
    - CourierMQTT (= 0.0.19)
    - MQTTClientGJ (= 0.0.19)
  - Flutter (1.0.0)
  - MQTTClientGJ (0.0.19)
  - permission_handler_apple (9.0.4):
    - Flutter
  - ReachabilitySwift (5.0.0)

DEPENDENCIES:
  - courier_dart_sdk (from `.symlinks/plugins/courier_dart_sdk/ios`)
  - CourierCore (= 0.0.19)
  - CourierMQTT (= 0.0.19)
  - CourierMQTTChuck (= 0.0.19)
  - Flutter (from `Flutter`)
  - permission_handler_apple (from `.symlinks/plugins/permission_handler_apple/ios`)

SPEC REPOS:
  trunk:
    - CourierCore
    - CourierMQTT
    - CourierMQTTChuck
    - MQTTClientGJ
    - ReachabilitySwift

EXTERNAL SOURCES:
  courier_dart_sdk:
    :path: ".symlinks/plugins/courier_dart_sdk/ios"
  Flutter:
    :path: Flutter
  permission_handler_apple:
    :path: ".symlinks/plugins/permission_handler_apple/ios"

SPEC CHECKSUMS:
  courier_dart_sdk: 2a0bb812b345a9267495b31e0f83452656d9c882
  CourierCore: bdaf367323ba99e3b369ad4b9c449a2acb235fbe
  CourierMQTT: bcfb8a4c51d8b144d36bd5c17f1750ce81af8a1b
  CourierMQTTChuck: 945a4daf14fb6a421d8afdcdf4d854fd3f69fa1b
  Flutter: f04841e97a9d0b0a8025694d0796dd46242b2854
  MQTTClientGJ: a3840bdac554c11913a8bd65ea09657651786742
  permission_handler_apple: 44366e37eaf29454a1e7b1b7d736c2cceaeb17ce
  ReachabilitySwift: 985039c6f7b23a1da463388634119492ff86c825

PODFILE CHECKSUM: e89a4056917fe634c35d24da7e0ac86bf7c6fdda

COCOAPODS: 1.12.1
